
Microsoft Visual Studio Solution File, Format Version 12.00
# Visual Studio 2013
VisualStudioVersion = 12.0.31101.0
MinimumVisualStudioVersion = 10.0.40219.1
Project("{FAE04EC0-301F-11D3-BF4B-00C04F79EFBC}") = "AzureQueueStorageConnector", "AzureQueueStorageConnector\AzureQueueStorageConnector.csproj", "{CF348F3F-F294-430E-BF2C-4FEEECC7A165}"
EndProject
Project("{FAE04EC0-301F-11D3-BF4B-00C04F79EFBC}") = "AzureQueueStorageConnector.Services", "AzureQueueStorageConnector.Services\AzureQueueStorageConnector.Services.csproj", "{3D0E3686-F1D7-40B1-9349-FC7BF6F7DA62}"
EndProject
Global
	GlobalSection(SolutionConfigurationPlatforms) = preSolution
		Debug|Any CPU = Debug|Any CPU
		Release|Any CPU = Release|Any CPU
	EndGlobalSection
	GlobalSection(ProjectConfigurationPlatforms) = postSolution
		{CF348F3F-F294-430E-BF2C-4FEEECC7A165}.Debug|Any CPU.ActiveCfg = Debug|Any CPU
		{CF348F3F-F294-430E-BF2C-4FEEECC7A165}.Debug|Any CPU.Build.0 = Debug|Any CPU
		{CF348F3F-F294-430E-BF2C-4FEEECC7A165}.Release|Any CPU.ActiveCfg = Release|Any CPU
		{CF348F3F-F294-430E-BF2C-4FEEECC7A165}.Release|Any CPU.Build.0 = Release|Any CPU
		{3D0E3686-F1D7-40B1-9349-FC7BF6F7DA62}.Debug|Any CPU.ActiveCfg = Debug|Any CPU
		{3D0E3686-F1D7-40B1-9349-FC7BF6F7DA62}.Debug|Any CPU.Build.0 = Debug|Any CPU
		{3D0E3686-F1D7-40B1-9349-FC7BF6F7DA62}.Release|Any CPU.ActiveCfg = Release|Any CPU
		{3D0E3686-F1D7-40B1-9349-FC7BF6F7DA62}.Release|Any CPU.Build.0 = Release|Any CPU
	EndGlobalSection
	GlobalSection(SolutionProperties) = preSolution
		HideSolutionNode = FALSE
	EndGlobalSection
EndGlobal
